
Microsoft Visual Studio Solution File, Format Version 11.00
# Visual Studio 2010
Project("{FAE04EC0-301F-11D3-BF4B-00C04F79EFBC}") = "zadaca8 1.10", "zadaca8 1.10\zadaca8 1.10.csproj", "{798399E8-3C84-495E-B8B5-6B97DBBBC526}"
EndProject
Global
	GlobalSection(SolutionConfigurationPlatforms) = preSolution
		Debug|x86 = Debug|x86
		Release|x86 = Release|x86
	EndGlobalSection
	GlobalSection(ProjectConfigurationPlatforms) = postSolution
		{798399E8-3C84-495E-B8B5-6B97DBBBC526}.Debug|x86.ActiveCfg = Debug|x86
		{798399E8-3C84-495E-B8B5-6B97DBBBC526}.Debug|x86.Build.0 = Debug|x86
		{798399E8-3C84-495E-B8B5-6B97DBBBC526}.Release|x86.ActiveCfg = Release|x86
		{798399E8-3C84-495E-B8B5-6B97DBBBC526}.Release|x86.Build.0 = Release|x86
	EndGlobalSection
	GlobalSection(SolutionProperties) = preSolution
		HideSolutionNode = FALSE
	EndGlobalSection
EndGlobal
